
Microsoft Visual Studio Solution File, Format Version 12.00
Project("{2150E333-8FDC-42A3-9474-1A3956D46DE8}") = "src", "src", "{AFE8FFB5-2114-40E9-9F1B-FEBFA002303E}"
EndProject
Project("{FAE04EC0-301F-11D3-BF4B-00C04F79EFBC}") = "AuctionService", "AuctionService\AuctionService.csproj", "{FD5CB8E1-3E6B-4E85-B47C-AB3F33DE2376}"
EndProject
Project("{2150E333-8FDC-42A3-9474-1A3956D46DE8}") = "Solution Items", "Solution Items", "{1975C322-A7EB-44C6-813A-0CC292CF18CE}"
	ProjectSection(SolutionItems) = preProject
		docker-compose.yml = docker-compose.yml
	EndProjectSection
EndProject
Global
	GlobalSection(SolutionConfigurationPlatforms) = preSolution
		Debug|Any CPU = Debug|Any CPU
		Release|Any CPU = Release|Any CPU
	EndGlobalSection
	GlobalSection(ProjectConfigurationPlatforms) = postSolution
		{BCB6175D-1FC1-4B24-AF4B-A4DC04081C38}.Debug|Any CPU.ActiveCfg = Debug|Any CPU
		{BCB6175D-1FC1-4B24-AF4B-A4DC04081C38}.Debug|Any CPU.Build.0 = Debug|Any CPU
		{BCB6175D-1FC1-4B24-AF4B-A4DC04081C38}.Release|Any CPU.ActiveCfg = Release|Any CPU
		{BCB6175D-1FC1-4B24-AF4B-A4DC04081C38}.Release|Any CPU.Build.0 = Release|Any CPU
		{FD5CB8E1-3E6B-4E85-B47C-AB3F33DE2376}.Debug|Any CPU.ActiveCfg = Debug|Any CPU
		{FD5CB8E1-3E6B-4E85-B47C-AB3F33DE2376}.Debug|Any CPU.Build.0 = Debug|Any CPU
		{FD5CB8E1-3E6B-4E85-B47C-AB3F33DE2376}.Release|Any CPU.ActiveCfg = Release|Any CPU
		{FD5CB8E1-3E6B-4E85-B47C-AB3F33DE2376}.Release|Any CPU.Build.0 = Release|Any CPU
	EndGlobalSection
	GlobalSection(NestedProjects) = preSolution
		{FD5CB8E1-3E6B-4E85-B47C-AB3F33DE2376} = {AFE8FFB5-2114-40E9-9F1B-FEBFA002303E}
	EndGlobalSection
EndGlobal
